
Microsoft Visual Studio Solution File, Format Version 12.00
# Visual Studio Version 17
VisualStudioVersion = 17.7.34031.279
MinimumVisualStudioVersion = 10.0.40219.1
Project("{888888A0-9F3D-457C-B088-3A5042F75D52}") = "can_sizes", "can_sizes\can_sizes.pyproj", "{6C688691-B20B-402E-B61D-D54A81DB2F2B}"
EndProject
Global
	GlobalSection(SolutionConfigurationPlatforms) = preSolution
		Debug|Any CPU = Debug|Any CPU
		Release|Any CPU = Release|Any CPU
	EndGlobalSection
	GlobalSection(ProjectConfigurationPlatforms) = postSolution
		{6C688691-B20B-402E-B61D-D54A81DB2F2B}.Debug|Any CPU.ActiveCfg = Debug|Any CPU
		{6C688691-B20B-402E-B61D-D54A81DB2F2B}.Release|Any CPU.ActiveCfg = Release|Any CPU
	EndGlobalSection
	GlobalSection(SolutionProperties) = preSolution
		HideSolutionNode = FALSE
	EndGlobalSection
	GlobalSection(ExtensibilityGlobals) = postSolution
		SolutionGuid = {443F8ED3-0066-433E-88FC-139C9ACC38F5}
	EndGlobalSection
EndGlobal
